
Microsoft Visual Studio Solution File, Format Version 12.00
# Visual Studio 2012
Project("{FAE04EC0-301F-11D3-BF4B-00C04F79EFBC}") = "ArchivoCostosWeb", "ArchivoCostosWeb\ArchivoCostosWeb.csproj", "{287E676B-30A7-407A-B69D-E8EA983338AA}"
EndProject
Global
	GlobalSection(SolutionConfigurationPlatforms) = preSolution
		Debug|Any CPU = Debug|Any CPU
		Release|Any CPU = Release|Any CPU
	EndGlobalSection
	GlobalSection(ProjectConfigurationPlatforms) = postSolution
		{287E676B-30A7-407A-B69D-E8EA983338AA}.Debug|Any CPU.ActiveCfg = Debug|Any CPU
		{287E676B-30A7-407A-B69D-E8EA983338AA}.Debug|Any CPU.Build.0 = Debug|Any CPU
		{287E676B-30A7-407A-B69D-E8EA983338AA}.Release|Any CPU.ActiveCfg = Release|Any CPU
		{287E676B-30A7-407A-B69D-E8EA983338AA}.Release|Any CPU.Build.0 = Release|Any CPU
	EndGlobalSection
	GlobalSection(SolutionProperties) = preSolution
		HideSolutionNode = FALSE
	EndGlobalSection
EndGlobal
